{
  "requires": true,
  "lockfileVersion": 1,
  "dependencies": {
    "react-loading": {
      "version": "0.1.4",
      "resolved": "https://registry.npmjs.org/react-loading/-/react-loading-0.1.4.tgz",
      "integrity": "sha512-EUQpyj1WAG0p1s2dmVoGrad3qQ+7wuKGpflromFAgd1vI5y/iJxKD+b/kdexghlwv+zYs4skNx/N5rI0uDpigw=="
    }
  }
}
